# THIS IS AN AUTOGENERATED FILE. DO NOT EDIT THIS FILE DIRECTLY.
# yarn lockfile v1


"@types/yoga-layout@1.9.2":
  "integrity" "sha512-S9q47ByT2pPvD65IvrWp7qppVMpk9WGMbVq9wbWZOHg6tnXSD4vyhao6nOSBwwfDdV2p3Kx9evA9vI+XWTfDvw=="
  "resolved" "https://registry.npmjs.org/@types/yoga-layout/-/yoga-layout-1.9.2.tgz"
  "version" "1.9.2"

"ansi-escapes@^4.2.1":
  "integrity" "sha512-gKXj5ALrKWQLsYG9jlTRmR/xKluxHV+Z9QEwNIgCfM1/uwPMCuzVVnh5mwTd+OuBZcwSIMbqssNWRm1lE51QaQ=="
  "resolved" "https://registry.npmjs.org/ansi-escapes/-/ansi-escapes-4.3.2.tgz"
  "version" "4.3.2"
  dependencies:
    "type-fest" "^0.21.3"

"ansi-regex@^5.0.1":
  "integrity" "sha512-quJQXlTSUGL2LH9SUXo8VwsY4soanhgo6LNSm84E1LBcE8s3O0wpdiRzyR9z/ZZJMlMWv37qOOb9pdJlMUEKFQ=="
  "resolved" "https://registry.npmjs.org/ansi-regex/-/ansi-regex-5.0.1.tgz"
  "version" "5.0.1"

"ansi-styles@^4.0.0", "ansi-styles@^4.1.0":
  "integrity" "sha512-zbB9rCJAT1rbjiVDb2hqKFHNYLxgtk8NURxZ3IZwD3F6NtxbXZQCnnSi1Lkx+IDohdPlFp222wVALIheZJQSEg=="
  "resolved" "https://registry.npmjs.org/ansi-styles/-/ansi-styles-4.3.0.tgz"
  "version" "4.3.0"
  dependencies:
    "color-convert" "^2.0.1"

"asn1.js@^5.2.0":
  "integrity" "sha512-+I//4cYPccV8LdmBLiX8CYvf9Sp3vQsrqu2QNXRcrbiWvcx/UdlFiqUJJzxRQxgsZmvhXhn4cSKeSmoFjVdupA=="
  "resolved" "https://registry.npmjs.org/asn1.js/-/asn1.js-5.4.1.tgz"
  "version" "5.4.1"
  dependencies:
    "bn.js" "^4.0.0"
    "inherits" "^2.0.1"
    "minimalistic-assert" "^1.0.0"
    "safer-buffer" "^2.1.0"

"assert@^1.1.1":
  "integrity" "sha512-EDsgawzwoun2CZkCgtxJbv392v4nbk9XDD06zI+kQYoBM/3RBWLlEyJARDOmhAAosBjWACEkKL6S+lIZtcAubA=="
  "resolved" "https://registry.npmjs.org/assert/-/assert-1.5.0.tgz"
  "version" "1.5.0"
  dependencies:
    "object-assign" "^4.1.1"
    "util" "0.10.3"

"astral-regex@^2.0.0":
  "integrity" "sha512-Z7tMw1ytTXt5jqMcOP+OQteU1VuNK9Y02uuJtKQ1Sv69jXQKKg5cibLwGJow8yzZP+eAc18EmLGPal0bp36rvQ=="
  "resolved" "https://registry.npmjs.org/astral-regex/-/astral-regex-2.0.0.tgz"
  "version" "2.0.0"

"auto-bind@4.0.0":
  "integrity" "sha512-Hdw8qdNiqdJ8LqT0iK0sVzkFbzg6fhnQqqfWhBDxcHZvU75+B+ayzTy8x+k5Ix0Y92XOhOUlx74ps+bA6BeYMQ=="
  "resolved" "https://registry.npmjs.org/auto-bind/-/auto-bind-4.0.0.tgz"
  "version" "4.0.0"

"base64-js@^1.0.2":
  "integrity" "sha512-AKpaYlHn8t4SVbOHCy+b5+KKgvR4vrsD8vbvrbiQJps7fKDTkjkDry6ji0rUJjC0kzbNePLwzxq8iypo41qeWA=="
  "resolved" "https://registry.npmjs.org/base64-js/-/base64-js-1.5.1.tgz"
  "version" "1.5.1"

"bn.js@^4.0.0":
  "integrity" "sha512-c98Bf3tPniI+scsdk237ku1Dc3ujXQTSgyiPUDEOe7tRkhrqridvh8klBv0HCEso1OLOYcHuCv/cS6DNxKH+ZA=="
  "resolved" "https://registry.npmjs.org/bn.js/-/bn.js-4.12.0.tgz"
  "version" "4.12.0"

"bn.js@^4.1.0":
  "integrity" "sha512-c98Bf3tPniI+scsdk237ku1Dc3ujXQTSgyiPUDEOe7tRkhrqridvh8klBv0HCEso1OLOYcHuCv/cS6DNxKH+ZA=="
  "resolved" "https://registry.npmjs.org/bn.js/-/bn.js-4.12.0.tgz"
  "version" "4.12.0"

"bn.js@^4.11.9":
  "integrity" "sha512-c98Bf3tPniI+scsdk237ku1Dc3ujXQTSgyiPUDEOe7tRkhrqridvh8klBv0HCEso1OLOYcHuCv/cS6DNxKH+ZA=="
  "resolved" "https://registry.npmjs.org/bn.js/-/bn.js-4.12.0.tgz"
  "version" "4.12.0"

"bn.js@^5.0.0", "bn.js@^5.1.1":
  "integrity" "sha512-D7iWRBvnZE8ecXiLj/9wbxH7Tk79fAh8IHaTNq1RWRixsS02W+5qS+iE9yq6RYl0asXx5tw0bLhmT5pIfbSquw=="
  "resolved" "https://registry.npmjs.org/bn.js/-/bn.js-5.2.0.tgz"
  "version" "5.2.0"

"brorand@^1.0.1", "brorand@^1.1.0":
  "integrity" "sha1-EsJe/kCkXjwyPrhnWgoM5XsiNx8="
  "resolved" "https://registry.npmjs.org/brorand/-/brorand-1.1.0.tgz"
  "version" "1.1.0"

"browserify-aes@^1.0.0", "browserify-aes@^1.0.4":
  "integrity" "sha512-+7CHXqGuspUn/Sl5aO7Ea0xWGAtETPXNSAjHo48JfLdPWcMng33Xe4znFvQweqc/uzk5zSOI3H52CYnjCfb5hA=="
  "resolved" "https://registry.npmjs.org/browserify-aes/-/browserify-aes-1.2.0.tgz"
  "version" "1.2.0"
  dependencies:
    "buffer-xor" "^1.0.3"
    "cipher-base" "^1.0.0"
    "create-hash" "^1.1.0"
    "evp_bytestokey" "^1.0.3"
    "inherits" "^2.0.1"
    "safe-buffer" "^5.0.1"

"browserify-cipher@^1.0.0":
  "integrity" "sha512-sPhkz0ARKbf4rRQt2hTpAHqn47X3llLkUGn+xEJzLjwY8LRs2p0v7ljvI5EyoRO/mexrNunNECisZs+gw2zz1w=="
  "resolved" "https://registry.npmjs.org/browserify-cipher/-/browserify-cipher-1.0.1.tgz"
  "version" "1.0.1"
  dependencies:
    "browserify-aes" "^1.0.4"
    "browserify-des" "^1.0.0"
    "evp_bytestokey" "^1.0.0"

"browserify-des@^1.0.0":
  "integrity" "sha512-BioO1xf3hFwz4kc6iBhI3ieDFompMhrMlnDFC4/0/vd5MokpuAc3R+LYbwTA9A5Yc9pq9UYPqffKpW2ObuwX5A=="
  "resolved" "https://registry.npmjs.org/browserify-des/-/browserify-des-1.0.2.tgz"
  "version" "1.0.2"
  dependencies:
    "cipher-base" "^1.0.1"
    "des.js" "^1.0.0"
    "inherits" "^2.0.1"
    "safe-buffer" "^5.1.2"

"browserify-rsa@^4.0.0", "browserify-rsa@^4.0.1":
  "integrity" "sha512-AdEER0Hkspgno2aR97SAf6vi0y0k8NuOpGnVH3O99rcA5Q6sh8QxcngtHuJ6uXwnfAXNM4Gn1Gb7/MV1+Ymbog=="
  "resolved" "https://registry.npmjs.org/browserify-rsa/-/browserify-rsa-4.1.0.tgz"
  "version" "4.1.0"
  dependencies:
    "bn.js" "^5.0.0"
    "randombytes" "^2.0.1"

"browserify-sign@^4.0.0":
  "integrity" "sha512-/vrA5fguVAKKAVTNJjgSm1tRQDHUU6DbwO9IROu/0WAzC8PKhucDSh18J0RMvVeHAn5puMd+QHC2erPRNf8lmg=="
  "resolved" "https://registry.npmjs.org/browserify-sign/-/browserify-sign-4.2.1.tgz"
  "version" "4.2.1"
  dependencies:
    "bn.js" "^5.1.1"
    "browserify-rsa" "^4.0.1"
    "create-hash" "^1.2.0"
    "create-hmac" "^1.1.7"
    "elliptic" "^6.5.3"
    "inherits" "^2.0.4"
    "parse-asn1" "^5.1.5"
    "readable-stream" "^3.6.0"
    "safe-buffer" "^5.2.0"

"browserify-zlib@^0.2.0":
  "integrity" "sha512-Z942RysHXmJrhqk88FmKBVq/v5tqmSkDz7p54G/MGyjMnCFFnC79XWNbg+Vta8W6Wb2qtSZTSxIGkJrRpCFEiA=="
  "resolved" "https://registry.npmjs.org/browserify-zlib/-/browserify-zlib-0.2.0.tgz"
  "version" "0.2.0"
  dependencies:
    "pako" "~1.0.5"

"buffer-from@^1.0.0":
  "integrity" "sha512-E+XQCRwSbaaiChtv6k6Dwgc+bx+Bs6vuKJHHl5kox/BaKbhiXzqQOwK4cO22yElGp2OCmjwVhT3HmxgyPGnJfQ=="
  "resolved" "https://registry.npmjs.org/buffer-from/-/buffer-from-1.1.2.tgz"
  "version" "1.1.2"

"buffer-xor@^1.0.3":
  "integrity" "sha1-JuYe0UIvtw3ULm42cp7VHYVf6Nk="
  "resolved" "https://registry.npmjs.org/buffer-xor/-/buffer-xor-1.0.3.tgz"
  "version" "1.0.3"

"buffer@^4.3.0":
  "integrity" "sha512-xq+q3SRMOxGivLhBNaUdC64hDTQwejJ+H0T/NB1XMtTVEwNTrfFF3gAxiyW0Bu/xWEGhjVKgUcMhCrUy2+uCWg=="
  "resolved" "https://registry.npmjs.org/buffer/-/buffer-4.9.2.tgz"
  "version" "4.9.2"
  dependencies:
    "base64-js" "^1.0.2"
    "ieee754" "^1.1.4"
    "isarray" "^1.0.0"

"builtin-status-codes@^3.0.0":
  "integrity" "sha1-hZgoeOIbmOHGZCXgPQF0eI9Wnug="
  "resolved" "https://registry.npmjs.org/builtin-status-codes/-/builtin-status-codes-3.0.0.tgz"
  "version" "3.0.0"

"chalk@^4.1.0":
  "integrity" "sha512-oKnbhFyRIXpUuez8iBMmyEa4nbj4IOQyuhc/wy9kY7/WVPcwIO9VA668Pu8RkO7+0G76SLROeyw9CpQ061i4mA=="
  "resolved" "https://registry.npmjs.org/chalk/-/chalk-4.1.2.tgz"
  "version" "4.1.2"
  dependencies:
    "ansi-styles" "^4.1.0"
    "supports-color" "^7.1.0"

"ci-info@^2.0.0":
  "integrity" "sha512-5tK7EtrZ0N+OLFMthtqOj4fI2Jeb88C4CAZPu25LDVUgXJ0A3Js4PMGqrn0JU1W0Mh1/Z8wZzYPxqUrXeBboCQ=="
  "resolved" "https://registry.npmjs.org/ci-info/-/ci-info-2.0.0.tgz"
  "version" "2.0.0"

"cipher-base@^1.0.0", "cipher-base@^1.0.1", "cipher-base@^1.0.3":
  "integrity" "sha512-Kkht5ye6ZGmwv40uUDZztayT2ThLQGfnj/T71N/XzeZeo3nf8foyW7zGTsPYkEya3m5f3cAypH+qe7YOrM1U2Q=="
  "resolved" "https://registry.npmjs.org/cipher-base/-/cipher-base-1.0.4.tgz"
  "version" "1.0.4"
  dependencies:
    "inherits" "^2.0.1"
    "safe-buffer" "^5.0.1"

"cli-boxes@^2.2.0":
  "integrity" "sha512-y4coMcylgSCdVinjiDBuR8PCC2bLjyGTwEmPb9NHR/QaNU6EUOXcTY/s6VjGMD6ENSEaeQYHCY0GNGS5jfMwPw=="
  "resolved" "https://registry.npmjs.org/cli-boxes/-/cli-boxes-2.2.1.tgz"
  "version" "2.2.1"

"cli-cursor@^3.1.0":
  "integrity" "sha512-I/zHAwsKf9FqGoXM4WWRACob9+SNukZTd94DWF57E4toouRulbCxcUh6RKUEOQlYTHJnzkPMySvPNaaSLNfLZw=="
  "resolved" "https://registry.npmjs.org/cli-cursor/-/cli-cursor-3.1.0.tgz"
  "version" "3.1.0"
  dependencies:
    "restore-cursor" "^3.1.0"

"cli-truncate@^2.1.0":
  "integrity" "sha512-n8fOixwDD6b/ObinzTrp1ZKFzbgvKZvuz/TvejnLn1aQfC6r52XEx85FmuC+3HI+JM7coBRXUvNqEU2PHVrHpg=="
  "resolved" "https://registry.npmjs.org/cli-truncate/-/cli-truncate-2.1.0.tgz"
  "version" "2.1.0"
  dependencies:
    "slice-ansi" "^3.0.0"
    "string-width" "^4.2.0"

"code-excerpt@^3.0.0":
  "integrity" "sha512-VHNTVhd7KsLGOqfX3SyeO8RyYPMp1GJOg194VITk04WMYCv4plV68YWe6TJZxd9MhobjtpMRnVky01gqZsalaw=="
  "resolved" "https://registry.npmjs.org/code-excerpt/-/code-excerpt-3.0.0.tgz"
  "version" "3.0.0"
  dependencies:
    "convert-to-spaces" "^1.0.1"

"color-convert@^2.0.1":
  "integrity" "sha512-RRECPsj7iu/xb5oKYcsFHSppFNnsj/52OVTRKb4zP5onXwVF3zVmmToNcOfGC+CRDpfK/U584fMg38ZHCaElKQ=="
  "resolved" "https://registry.npmjs.org/color-convert/-/color-convert-2.0.1.tgz"
  "version" "2.0.1"
  dependencies:
    "color-name" "~1.1.4"

"color-name@~1.1.4":
  "integrity" "sha512-dOy+3AuW3a2wNbZHIuMZpTcgjGuLU/uBL/ubcZF9OXbDo8ff4O8yVp5Bf0efS8uEoYo5q4Fx7dY9OgQGXgAsQA=="
  "resolved" "https://registry.npmjs.org/color-name/-/color-name-1.1.4.tgz"
  "version" "1.1.4"

"console-browserify@^1.1.0":
  "integrity" "sha512-ZMkYO/LkF17QvCPqM0gxw8yUzigAOZOSWSHg91FH6orS7vcEj5dVZTidN2fQ14yBSdg97RqhSNwLUXInd52OTA=="
  "resolved" "https://registry.npmjs.org/console-browserify/-/console-browserify-1.2.0.tgz"
  "version" "1.2.0"

"constants-browserify@^1.0.0":
  "integrity" "sha1-wguW2MYXdIqvHBYCF2DNJ/y4y3U="
  "resolved" "https://registry.npmjs.org/constants-browserify/-/constants-browserify-1.0.0.tgz"
  "version" "1.0.0"

"convert-to-spaces@^1.0.1":
  "integrity" "sha1-fj5Iu+bZl7FBfdyihoIEtNPYVxU="
  "resolved" "https://registry.npmjs.org/convert-to-spaces/-/convert-to-spaces-1.0.2.tgz"
  "version" "1.0.2"

"core-util-is@~1.0.0":
  "integrity" "sha512-ZQBvi1DcpJ4GDqanjucZ2Hj3wEO5pZDS89BWbkcrvdxksJorwUDDZamX9ldFkp9aw2lmBDLgkObEA4DWNJ9FYQ=="
  "resolved" "https://registry.npmjs.org/core-util-is/-/core-util-is-1.0.3.tgz"
  "version" "1.0.3"

"create-ecdh@^4.0.0":
  "integrity" "sha512-mf+TCx8wWc9VpuxfP2ht0iSISLZnt0JgWlrOKZiNqyUZWnjIaCIVNQArMHnCZKfEYRg6IM7A+NeJoN8gf/Ws0A=="
  "resolved" "https://registry.npmjs.org/create-ecdh/-/create-ecdh-4.0.4.tgz"
  "version" "4.0.4"
  dependencies:
    "bn.js" "^4.1.0"
    "elliptic" "^6.5.3"

"create-hash@^1.1.0", "create-hash@^1.1.2", "create-hash@^1.2.0":
  "integrity" "sha512-z00bCGNHDG8mHAkP7CtT1qVu+bFQUPjYq/4Iv3C3kWjTFV10zIjfSoeqXo9Asws8gwSHDGj/hl2u4OGIjapeCg=="
  "resolved" "https://registry.npmjs.org/create-hash/-/create-hash-1.2.0.tgz"
  "version" "1.2.0"
  dependencies:
    "cipher-base" "^1.0.1"
    "inherits" "^2.0.1"
    "md5.js" "^1.3.4"
    "ripemd160" "^2.0.1"
    "sha.js" "^2.4.0"

"create-hmac@^1.1.0", "create-hmac@^1.1.4", "create-hmac@^1.1.7":
  "integrity" "sha512-MJG9liiZ+ogc4TzUwuvbER1JRdgvUFSB5+VR/g5h82fGaIRWMWddtKBHi7/sVhfjQZ6SehlyhvQYrcYkaUIpLg=="
  "resolved" "https://registry.npmjs.org/create-hmac/-/create-hmac-1.1.7.tgz"
  "version" "1.1.7"
  dependencies:
    "cipher-base" "^1.0.3"
    "create-hash" "^1.1.0"
    "inherits" "^2.0.1"
    "ripemd160" "^2.0.0"
    "safe-buffer" "^5.0.1"
    "sha.js" "^2.4.8"

"crypto-browserify@^3.11.0":
  "integrity" "sha512-fz4spIh+znjO2VjL+IdhEpRJ3YN6sMzITSBijk6FK2UvTqruSQW+/cCZTSNsMiZNvUeq0CqurF+dAbyiGOY6Wg=="
  "resolved" "https://registry.npmjs.org/crypto-browserify/-/crypto-browserify-3.12.0.tgz"
  "version" "3.12.0"
  dependencies:
    "browserify-cipher" "^1.0.0"
    "browserify-sign" "^4.0.0"
    "create-ecdh" "^4.0.0"
    "create-hash" "^1.1.0"
    "create-hmac" "^1.1.0"
    "diffie-hellman" "^5.0.0"
    "inherits" "^2.0.1"
    "pbkdf2" "^3.0.3"
    "public-encrypt" "^4.0.0"
    "randombytes" "^2.0.0"
    "randomfill" "^1.0.3"

"des.js@^1.0.0":
  "integrity" "sha512-Q0I4pfFrv2VPd34/vfLrFOoRmlYj3OV50i7fskps1jZWK1kApMWWT9G6RRUeYedLcBDIhnSDaUvJMb3AhUlaEA=="
  "resolved" "https://registry.npmjs.org/des.js/-/des.js-1.0.1.tgz"
  "version" "1.0.1"
  dependencies:
    "inherits" "^2.0.1"
    "minimalistic-assert" "^1.0.0"

"diffie-hellman@^5.0.0":
  "integrity" "sha512-kqag/Nl+f3GwyK25fhUMYj81BUOrZ9IuJsjIcDE5icNM9FJHAVm3VcUDxdLPoQtTuUylWm6ZIknYJwwaPxsUzg=="
  "resolved" "https://registry.npmjs.org/diffie-hellman/-/diffie-hellman-5.0.3.tgz"
  "version" "5.0.3"
  dependencies:
    "bn.js" "^4.1.0"
    "miller-rabin" "^4.0.0"
    "randombytes" "^2.0.0"

"domain-browser@^1.1.1":
  "integrity" "sha512-jnjyiM6eRyZl2H+W8Q/zLMA481hzi0eszAaBUzIVnmYVDBbnLxVNnfu1HgEBvCbL+71FrxMl3E6lpKH7Ge3OXA=="
  "resolved" "https://registry.npmjs.org/domain-browser/-/domain-browser-1.2.0.tgz"
  "version" "1.2.0"

"elliptic@^6.5.3":
  "integrity" "sha512-iLhC6ULemrljPZb+QutR5TQGB+pdW6KGD5RSegS+8sorOZT+rdQFbsQFJgvN3eRqNALqJer4oQ16YvJHlU8hzQ=="
  "resolved" "https://registry.npmjs.org/elliptic/-/elliptic-6.5.4.tgz"
  "version" "6.5.4"
  dependencies:
    "bn.js" "^4.11.9"
    "brorand" "^1.1.0"
    "hash.js" "^1.0.0"
    "hmac-drbg" "^1.0.1"
    "inherits" "^2.0.4"
    "minimalistic-assert" "^1.0.1"
    "minimalistic-crypto-utils" "^1.0.1"

"emoji-regex@^8.0.0":
  "integrity" "sha512-MSjYzcWNOA0ewAHpz0MxpYFvwg6yjy1NG3xteoqz644VCo/RPgnr1/GGt+ic3iJTzQ8Eu3TdM14SawnVUmGE6A=="
  "resolved" "https://registry.npmjs.org/emoji-regex/-/emoji-regex-8.0.0.tgz"
  "version" "8.0.0"

"escape-string-regexp@^2.0.0":
  "integrity" "sha512-UpzcLCXolUWcNu5HtVMHYdXJjArjsF9C0aNnquZYY4uW/Vu0miy5YoWvbV345HauVvcAUnpRuhMMcqTcGOY2+w=="
  "resolved" "https://registry.npmjs.org/escape-string-regexp/-/escape-string-regexp-2.0.0.tgz"
  "version" "2.0.0"

"events@^3.0.0":
  "integrity" "sha512-mQw+2fkQbALzQ7V0MY0IqdnXNOeTtP4r0lN9z7AAawCXgqea7bDii20AYrIBrFd/Hx0M2Ocz6S111CaFkUcb0Q=="
  "resolved" "https://registry.npmjs.org/events/-/events-3.3.0.tgz"
  "version" "3.3.0"

"evp_bytestokey@^1.0.0", "evp_bytestokey@^1.0.3":
  "integrity" "sha512-/f2Go4TognH/KvCISP7OUsHn85hT9nUkxxA9BEWxFn+Oj9o8ZNLm/40hdlgSLyuOimsrTKLUMEorQexp/aPQeA=="
  "resolved" "https://registry.npmjs.org/evp_bytestokey/-/evp_bytestokey-1.0.3.tgz"
  "version" "1.0.3"
  dependencies:
    "md5.js" "^1.3.4"
    "safe-buffer" "^5.1.1"

"has-flag@^4.0.0":
  "integrity" "sha512-EykJT/Q1KjTWctppgIAgfSO0tKVuZUjhgMr17kqTumMl6Afv3EISleU7qZUzoXDFTAHTDC4NOoG/ZxU3EvlMPQ=="
  "resolved" "https://registry.npmjs.org/has-flag/-/has-flag-4.0.0.tgz"
  "version" "4.0.0"

"hash-base@^3.0.0":
  "integrity" "sha512-1nmYp/rhMDiE7AYkDw+lLwlAzz0AntGIe51F3RfFfEqyQ3feY2eI/NcwC6umIQVOASPMsWJLJScWKSSvzL9IVA=="
  "resolved" "https://registry.npmjs.org/hash-base/-/hash-base-3.1.0.tgz"
  "version" "3.1.0"
  dependencies:
    "inherits" "^2.0.4"
    "readable-stream" "^3.6.0"
    "safe-buffer" "^5.2.0"

"hash.js@^1.0.0", "hash.js@^1.0.3":
  "integrity" "sha512-taOaskGt4z4SOANNseOviYDvjEJinIkRgmp7LbKP2YTTmVxWBl87s/uzK9r+44BclBSp2X7K1hqeNfz9JbBeXA=="
  "resolved" "https://registry.npmjs.org/hash.js/-/hash.js-1.1.7.tgz"
  "version" "1.1.7"
  dependencies:
    "inherits" "^2.0.3"
    "minimalistic-assert" "^1.0.1"

"hmac-drbg@^1.0.1":
  "integrity" "sha1-0nRXAQJabHdabFRXk+1QL8DGSaE="
  "resolved" "https://registry.npmjs.org/hmac-drbg/-/hmac-drbg-1.0.1.tgz"
  "version" "1.0.1"
  dependencies:
    "hash.js" "^1.0.3"
    "minimalistic-assert" "^1.0.0"
    "minimalistic-crypto-utils" "^1.0.1"

"https-browserify@^1.0.0":
  "integrity" "sha1-7AbBDgo0wPL68Zn3/X/Hj//QPHM="
  "resolved" "https://registry.npmjs.org/https-browserify/-/https-browserify-1.0.0.tgz"
  "version" "1.0.0"

"ieee754@^1.1.4":
  "integrity" "sha512-dcyqhDvX1C46lXZcVqCpK+FtMRQVdIMN6/Df5js2zouUsqG7I6sFxitIC+7KYK29KdXOLHdu9zL4sFnoVQnqaA=="
  "resolved" "https://registry.npmjs.org/ieee754/-/ieee754-1.2.1.tgz"
  "version" "1.2.1"

"import-meta-resolve@^2.1.0":
  "integrity" "sha512-yG9pxkWJVTy4cmRsNWE3ztFdtFuYIV8G4N+cbCkO8b+qngkLyIUhxQFuZ0qJm67+0nUOxjMPT7nfksPKza1v2g=="
  "resolved" "https://registry.npmjs.org/import-meta-resolve/-/import-meta-resolve-2.1.0.tgz"
  "version" "2.1.0"

"indent-string@^4.0.0":
  "integrity" "sha512-EdDDZu4A2OyIK7Lr/2zG+w5jmbuk1DVBnEwREQvBzspBJkCEbRa8GxU1lghYcaGJCnRWibjDXlq779X1/y5xwg=="
  "resolved" "https://registry.npmjs.org/indent-string/-/indent-string-4.0.0.tgz"
  "version" "4.0.0"

"inherits@^2.0.1", "inherits@^2.0.3", "inherits@^2.0.4", "inherits@~2.0.1", "inherits@~2.0.3":
  "integrity" "sha512-k/vGaX4/Yla3WzyMCvTQOXYeIHvqOKtnqBduzTHpzpQZzAskKMhZ2K+EnBiSM9zGSoIFeMpXKxa4dYeZIQqewQ=="
  "resolved" "https://registry.npmjs.org/inherits/-/inherits-2.0.4.tgz"
  "version" "2.0.4"

"inherits@2.0.1":
  "integrity" "sha1-sX0I0ya0Qj5Wjv9xn5GwscvfafE="
  "resolved" "https://registry.npmjs.org/inherits/-/inherits-2.0.1.tgz"
  "version" "2.0.1"

"inherits@2.0.3":
  "integrity" "sha1-Yzwsg+PaQqUC9SRmAiSA9CCCYd4="
  "resolved" "https://registry.npmjs.org/inherits/-/inherits-2.0.3.tgz"
  "version" "2.0.3"

"ink@^3.0.9":
  "integrity" "sha512-firNp1q3xxTzoItj/eOOSZQnYSlyrWks5llCTVX37nJ59K3eXbQ8PtzCguqo8YI19EELo5QxaKnJd4VxzhU8tg=="
  "resolved" "https://registry.npmjs.org/ink/-/ink-3.2.0.tgz"
  "version" "3.2.0"
  dependencies:
    "ansi-escapes" "^4.2.1"
    "auto-bind" "4.0.0"
    "chalk" "^4.1.0"
    "cli-boxes" "^2.2.0"
    "cli-cursor" "^3.1.0"
    "cli-truncate" "^2.1.0"
    "code-excerpt" "^3.0.0"
    "indent-string" "^4.0.0"
    "is-ci" "^2.0.0"
    "lodash" "^4.17.20"
    "patch-console" "^1.0.0"
    "react-devtools-core" "^4.19.1"
    "react-reconciler" "^0.26.2"
    "scheduler" "^0.20.2"
    "signal-exit" "^3.0.2"
    "slice-ansi" "^3.0.0"
    "stack-utils" "^2.0.2"
    "string-width" "^4.2.2"
    "type-fest" "^0.12.0"
    "widest-line" "^3.1.0"
    "wrap-ansi" "^6.2.0"
    "ws" "^7.5.5"
    "yoga-layout-prebuilt" "^1.9.6"

"is-ci@^2.0.0":
  "integrity" "sha512-YfJT7rkpQB0updsdHLGWrvhBJfcfzNNawYDNIyQXJz0IViGf75O8EBPKSdvw2rF+LGCsX4FZ8tcr3b19LcZq4w=="
  "resolved" "https://registry.npmjs.org/is-ci/-/is-ci-2.0.0.tgz"
  "version" "2.0.0"
  dependencies:
    "ci-info" "^2.0.0"

"is-fullwidth-code-point@^3.0.0":
  "integrity" "sha512-zymm5+u+sCsSWyD9qNaejV3DFvhCKclKdizYaJUuHA83RLjb7nSuGnddCHGv0hk+KY7BMAlsWeK4Ueg6EV6XQg=="
  "resolved" "https://registry.npmjs.org/is-fullwidth-code-point/-/is-fullwidth-code-point-3.0.0.tgz"
  "version" "3.0.0"

"isarray@^1.0.0", "isarray@~1.0.0":
  "integrity" "sha1-u5NdSFgsuhaMBoNJV6VKPgcSTxE="
  "resolved" "https://registry.npmjs.org/isarray/-/isarray-1.0.0.tgz"
  "version" "1.0.0"

"isexe@^2.0.0":
  "integrity" "sha1-6PvzdNxVb/iUehDcsFctYz8s+hA="
  "resolved" "https://registry.npmjs.org/isexe/-/isexe-2.0.0.tgz"
  "version" "2.0.0"

"js-tokens@^3.0.0 || ^4.0.0":
  "integrity" "sha512-RdJUflcE3cUzKiMqQgsCu06FPu9UdIJO0beYbPhHN4k6apgJtifcoCtT9bcxOpYBtpD2kCM6Sbzg4CausW/PKQ=="
  "resolved" "https://registry.npmjs.org/js-tokens/-/js-tokens-4.0.0.tgz"
  "version" "4.0.0"

"lodash@^4.17.20":
  "integrity" "sha512-v2kDEe57lecTulaDIuNTPy3Ry4gLGJ6Z1O3vE1krgXZNrsQ+LFTGHVxVjcXPs17LhbZVGedAJv8XZ1tvj5FvSg=="
  "resolved" "https://registry.npmjs.org/lodash/-/lodash-4.17.21.tgz"
  "version" "4.17.21"

"loose-envify@^1.1.0":
  "integrity" "sha512-lyuxPGr/Wfhrlem2CL/UcnUc1zcqKAImBDzukY7Y5F/yQiNdko6+fRLevlw1HgMySw7f611UIY408EtxRSoK3Q=="
  "resolved" "https://registry.npmjs.org/loose-envify/-/loose-envify-1.4.0.tgz"
  "version" "1.4.0"
  dependencies:
    "js-tokens" "^3.0.0 || ^4.0.0"

"md5.js@^1.3.4":
  "integrity" "sha512-xitP+WxNPcTTOgnTJcrhM0xvdPepipPSf3I8EIpGKeFLjt3PlJLIDG3u8EX53ZIubkb+5U2+3rELYpEhHhzdkg=="
  "resolved" "https://registry.npmjs.org/md5.js/-/md5.js-1.3.5.tgz"
  "version" "1.3.5"
  dependencies:
    "hash-base" "^3.0.0"
    "inherits" "^2.0.1"
    "safe-buffer" "^5.1.2"

"miller-rabin@^4.0.0":
  "integrity" "sha512-115fLhvZVqWwHPbClyntxEVfVDfl9DLLTuJvq3g2O/Oxi8AiNouAHvDSzHS0viUJc+V5vm3eq91Xwqn9dp4jRA=="
  "resolved" "https://registry.npmjs.org/miller-rabin/-/miller-rabin-4.0.1.tgz"
  "version" "4.0.1"
  dependencies:
    "bn.js" "^4.0.0"
    "brorand" "^1.0.1"

"mimic-fn@^2.1.0":
  "integrity" "sha512-OqbOk5oEQeAZ8WXWydlu9HJjz9WVdEIvamMCcXmuqUYjTknH/sqsWvhQ3vgwKFRR1HpjvNBKQ37nbJgYzGqGcg=="
  "resolved" "https://registry.npmjs.org/mimic-fn/-/mimic-fn-2.1.0.tgz"
  "version" "2.1.0"

"minimalistic-assert@^1.0.0", "minimalistic-assert@^1.0.1":
  "integrity" "sha512-UtJcAD4yEaGtjPezWuO9wC4nwUnVH/8/Im3yEHQP4b67cXlD/Qr9hdITCU1xDbSEXg2XKNaP8jsReV7vQd00/A=="
  "resolved" "https://registry.npmjs.org/minimalistic-assert/-/minimalistic-assert-1.0.1.tgz"
  "version" "1.0.1"

"minimalistic-crypto-utils@^1.0.1":
  "integrity" "sha1-9sAMHAsIIkblxNmd+4x8CDsrWCo="
  "resolved" "https://registry.npmjs.org/minimalistic-crypto-utils/-/minimalistic-crypto-utils-1.0.1.tgz"
  "version" "1.0.1"

"moment@^2.29.4":
  "integrity" "sha512-5LC9SOxjSc2HF6vO2CyuTDNivEdoz2IvyJJGj6X8DJ0eFyfszE0QiEd+iXmBvUP3WHxSjFH/vIsA0EN00cgr8w=="
  "resolved" "https://registry.npmjs.org/moment/-/moment-2.29.4.tgz"
  "version" "2.29.4"

"nbb@.":
  "resolved" "file:"
  "version" "1.2.173"
  dependencies:
    "import-meta-resolve" "^2.1.0"

"node-libs-browser@^2.2.1":
  "integrity" "sha512-h/zcD8H9kaDZ9ALUWwlBUDo6TKF8a7qBSCSEGfjTVIYeqsioSKaAX+BN7NgiMGp6iSIXZ3PxgCu8KS3b71YK5Q=="
  "resolved" "https://registry.npmjs.org/node-libs-browser/-/node-libs-browser-2.2.1.tgz"
  "version" "2.2.1"
  dependencies:
    "assert" "^1.1.1"
    "browserify-zlib" "^0.2.0"
    "buffer" "^4.3.0"
    "console-browserify" "^1.1.0"
    "constants-browserify" "^1.0.0"
    "crypto-browserify" "^3.11.0"
    "domain-browser" "^1.1.1"
    "events" "^3.0.0"
    "https-browserify" "^1.0.0"
    "os-browserify" "^0.3.0"
    "path-browserify" "0.0.1"
    "process" "^0.11.10"
    "punycode" "^1.2.4"
    "querystring-es3" "^0.2.0"
    "readable-stream" "^2.3.3"
    "stream-browserify" "^2.0.1"
    "stream-http" "^2.7.2"
    "string_decoder" "^1.0.0"
    "timers-browserify" "^2.0.4"
    "tty-browserify" "0.0.0"
    "url" "^0.11.0"
    "util" "^0.11.0"
    "vm-browserify" "^1.0.1"

"object-assign@^4.1.1":
  "integrity" "sha1-IQmtx5ZYh8/AXLvUQsrIv7s2CGM="
  "resolved" "https://registry.npmjs.org/object-assign/-/object-assign-4.1.1.tgz"
  "version" "4.1.1"

"onetime@^5.1.0":
  "integrity" "sha512-kbpaSSGJTWdAY5KPVeMOKXSrPtr8C8C7wodJbcsd51jRnmD+GZu8Y0VoU6Dm5Z4vWr0Ig/1NKuWRKf7j5aaYSg=="
  "resolved" "https://registry.npmjs.org/onetime/-/onetime-5.1.2.tgz"
  "version" "5.1.2"
  dependencies:
    "mimic-fn" "^2.1.0"

"os-browserify@^0.3.0":
  "integrity" "sha1-hUNzx/XCMVkU/Jv8a9gjj92h7Cc="
  "resolved" "https://registry.npmjs.org/os-browserify/-/os-browserify-0.3.0.tgz"
  "version" "0.3.0"

"pako@~1.0.5":
  "integrity" "sha512-4hLB8Py4zZce5s4yd9XzopqwVv/yGNhV1Bl8NTmCq1763HeK2+EwVTv+leGeL13Dnh2wfbqowVPXCIO0z4taYw=="
  "resolved" "https://registry.npmjs.org/pako/-/pako-1.0.11.tgz"
  "version" "1.0.11"

"parse-asn1@^5.0.0", "parse-asn1@^5.1.5":
  "integrity" "sha512-RnZRo1EPU6JBnra2vGHj0yhp6ebyjBZpmUCLHWiFhxlzvBCCpAuZ7elsBp1PVAbQN0/04VD/19rfzlBSwLstMw=="
  "resolved" "https://registry.npmjs.org/parse-asn1/-/parse-asn1-5.1.6.tgz"
  "version" "5.1.6"
  dependencies:
    "asn1.js" "^5.2.0"
    "browserify-aes" "^1.0.0"
    "evp_bytestokey" "^1.0.0"
    "pbkdf2" "^3.0.3"
    "safe-buffer" "^5.1.1"

"patch-console@^1.0.0":
  "integrity" "sha512-nxl9nrnLQmh64iTzMfyylSlRozL7kAXIaxw1fVcLYdyhNkJCRUzirRZTikXGJsg+hc4fqpneTK6iU2H1Q8THSA=="
  "resolved" "https://registry.npmjs.org/patch-console/-/patch-console-1.0.0.tgz"
  "version" "1.0.0"

"path-browserify@0.0.1":
  "integrity" "sha512-BapA40NHICOS+USX9SN4tyhq+A2RrN/Ws5F0Z5aMHDp98Fl86lX8Oti8B7uN93L4Ifv4fHOEA+pQw87gmMO/lQ=="
  "resolved" "https://registry.npmjs.org/path-browserify/-/path-browserify-0.0.1.tgz"
  "version" "0.0.1"

"pbkdf2@^3.0.3":
  "integrity" "sha512-iuh7L6jA7JEGu2WxDwtQP1ddOpaJNC4KlDEFfdQajSGgGPNi4OyDc2R7QnbY2bR9QjBVGwgvTdNJZoE7RaxUMA=="
  "resolved" "https://registry.npmjs.org/pbkdf2/-/pbkdf2-3.1.2.tgz"
  "version" "3.1.2"
  dependencies:
    "create-hash" "^1.1.2"
    "create-hmac" "^1.1.4"
    "ripemd160" "^2.0.1"
    "safe-buffer" "^5.0.1"
    "sha.js" "^2.4.8"

"process-nextick-args@~2.0.0":
  "integrity" "sha512-3ouUOpQhtgrbOa17J7+uxOTpITYWaGP7/AhoR3+A+/1e9skrzelGi/dXzEYyvbxubEF6Wn2ypscTKiKJFFn1ag=="
  "resolved" "https://registry.npmjs.org/process-nextick-args/-/process-nextick-args-2.0.1.tgz"
  "version" "2.0.1"

"process@^0.11.10":
  "integrity" "sha1-czIwDoQBYb2j5podHZGn1LwW8YI="
  "resolved" "https://registry.npmjs.org/process/-/process-0.11.10.tgz"
  "version" "0.11.10"

"public-encrypt@^4.0.0":
  "integrity" "sha512-zVpa8oKZSz5bTMTFClc1fQOnyyEzpl5ozpi1B5YcvBrdohMjH2rfsBtyXcuNuwjsDIXmBYlF2N5FlJYhR29t8Q=="
  "resolved" "https://registry.npmjs.org/public-encrypt/-/public-encrypt-4.0.3.tgz"
  "version" "4.0.3"
  dependencies:
    "bn.js" "^4.1.0"
    "browserify-rsa" "^4.0.0"
    "create-hash" "^1.1.0"
    "parse-asn1" "^5.0.0"
    "randombytes" "^2.0.1"
    "safe-buffer" "^5.1.2"

"punycode@^1.2.4":
  "integrity" "sha1-wNWmOycYgArY4esPpSachN1BhF4="
  "resolved" "https://registry.npmjs.org/punycode/-/punycode-1.4.1.tgz"
  "version" "1.4.1"

"punycode@1.3.2":
  "integrity" "sha1-llOgNvt8HuQjQvIyXM7v6jkmxI0="
  "resolved" "https://registry.npmjs.org/punycode/-/punycode-1.3.2.tgz"
  "version" "1.3.2"

"querystring-es3@^0.2.0":
  "integrity" "sha1-nsYfeQSYdXB9aUFFlv2Qek1xHnM="
  "resolved" "https://registry.npmjs.org/querystring-es3/-/querystring-es3-0.2.1.tgz"
  "version" "0.2.1"

"querystring@0.2.0":
  "integrity" "sha1-sgmEkgO7Jd+CDadW50cAWHhSFiA="
  "resolved" "https://registry.npmjs.org/querystring/-/querystring-0.2.0.tgz"
  "version" "0.2.0"

"randombytes@^2.0.0", "randombytes@^2.0.1", "randombytes@^2.0.5":
  "integrity" "sha512-vYl3iOX+4CKUWuxGi9Ukhie6fsqXqS9FE2Zaic4tNFD2N2QQaXOMFbuKK4QmDHC0JO6B1Zp41J0LpT0oR68amQ=="
  "resolved" "https://registry.npmjs.org/randombytes/-/randombytes-2.1.0.tgz"
  "version" "2.1.0"
  dependencies:
    "safe-buffer" "^5.1.0"

"randomfill@^1.0.3":
  "integrity" "sha512-87lcbR8+MhcWcUiQ+9e+Rwx8MyR2P7qnt15ynUlbm3TU/fjbgz4GsvfSUDTemtCCtVCqb4ZcEFlyPNTh9bBTLw=="
  "resolved" "https://registry.npmjs.org/randomfill/-/randomfill-1.0.4.tgz"
  "version" "1.0.4"
  dependencies:
    "randombytes" "^2.0.5"
    "safe-buffer" "^5.1.0"

"react-devtools-core@^4.19.1":
  "integrity" "sha512-KkzneT1LczFtebbTJlvRphIRvzuHLhI9ghfrseVv9ktBs+l2cXy8Svw5U16lzQnwU9okVEcURmGPgH79WWrlaw=="
  "resolved" "https://registry.npmjs.org/react-devtools-core/-/react-devtools-core-4.23.0.tgz"
  "version" "4.23.0"
  dependencies:
    "shell-quote" "^1.6.1"
    "ws" "^7"

"react-dom@^17.0.2":
  "integrity" "sha512-s4h96KtLDUQlsENhMn1ar8t2bEa+q/YAtj8pPPdIjPDGBDIVNsrD9aXNWqspUe6AzKCIG0C1HZZLqLV7qpOBGA=="
  "resolved" "https://registry.npmjs.org/react-dom/-/react-dom-17.0.2.tgz"
  "version" "17.0.2"
  dependencies:
    "loose-envify" "^1.1.0"
    "object-assign" "^4.1.1"
    "scheduler" "^0.20.2"

"react-reconciler@^0.26.2":
  "integrity" "sha512-nK6kgY28HwrMNwDnMui3dvm3rCFjZrcGiuwLc5COUipBK5hWHLOxMJhSnSomirqWwjPBJKV1QcbkI0VJr7Gl1Q=="
  "resolved" "https://registry.npmjs.org/react-reconciler/-/react-reconciler-0.26.2.tgz"
  "version" "0.26.2"
  dependencies:
    "loose-envify" "^1.1.0"
    "object-assign" "^4.1.1"
    "scheduler" "^0.20.2"

"react@^17.0.2", "react@>=16.8.0", "react@17.0.2":
  "integrity" "sha512-gnhPt75i/dq/z3/6q/0asP78D0u592D5L1pd7M8P+dck6Fu/jJeL6iVVK23fptSUZj8Vjf++7wXA8UNclGQcbA=="
  "resolved" "https://registry.npmjs.org/react/-/react-17.0.2.tgz"
  "version" "17.0.2"
  dependencies:
    "loose-envify" "^1.1.0"
    "object-assign" "^4.1.1"

"readable-stream@^2.0.2", "readable-stream@^2.3.3", "readable-stream@^2.3.6":
  "integrity" "sha512-Ebho8K4jIbHAxnuxi7o42OrZgF/ZTNcsZj6nRKyUmkhLFq8CHItp/fy6hQZuZmP/n3yZ9VBUbp4zz/mX8hmYPw=="
  "resolved" "https://registry.npmjs.org/readable-stream/-/readable-stream-2.3.7.tgz"
  "version" "2.3.7"
  dependencies:
    "core-util-is" "~1.0.0"
    "inherits" "~2.0.3"
    "isarray" "~1.0.0"
    "process-nextick-args" "~2.0.0"
    "safe-buffer" "~5.1.1"
    "string_decoder" "~1.1.1"
    "util-deprecate" "~1.0.1"

"readable-stream@^3.6.0":
  "integrity" "sha512-BViHy7LKeTz4oNnkcLJ+lVSL6vpiFeX6/d3oSH8zCW7UxP2onchk+vTGB143xuFjHS3deTgkKoXXymXqymiIdA=="
  "resolved" "https://registry.npmjs.org/readable-stream/-/readable-stream-3.6.0.tgz"
  "version" "3.6.0"
  dependencies:
    "inherits" "^2.0.3"
    "string_decoder" "^1.1.1"
    "util-deprecate" "^1.0.1"

"readline-sync@^1.4.7":
  "integrity" "sha512-gNva8/6UAe8QYepIQH/jQ2qn91Qj0B9sYjMBBs3QOB8F2CXcKgLxQaJRP76sWVRQt+QU+8fAkCbCvjjMFu7Ycw=="
  "resolved" "https://registry.npmjs.org/readline-sync/-/readline-sync-1.4.10.tgz"
  "version" "1.4.10"

"restore-cursor@^3.1.0":
  "integrity" "sha512-l+sSefzHpj5qimhFSE5a8nufZYAM3sBSVMAPtYkmC+4EH2anSGaEMXSD0izRQbu9nfyQ9y5JrVmp7E8oZrUjvA=="
  "resolved" "https://registry.npmjs.org/restore-cursor/-/restore-cursor-3.1.0.tgz"
  "version" "3.1.0"
  dependencies:
    "onetime" "^5.1.0"
    "signal-exit" "^3.0.2"

"ripemd160@^2.0.0", "ripemd160@^2.0.1":
  "integrity" "sha512-ii4iagi25WusVoiC4B4lq7pbXfAp3D9v5CwfkY33vffw2+pkDjY1D8GaN7spsxvCSx8dkPqOZCEZyfxcmJG2IA=="
  "resolved" "https://registry.npmjs.org/ripemd160/-/ripemd160-2.0.2.tgz"
  "version" "2.0.2"
  dependencies:
    "hash-base" "^3.0.0"
    "inherits" "^2.0.1"

"safe-buffer@^5.0.1", "safe-buffer@^5.1.0", "safe-buffer@^5.1.1", "safe-buffer@^5.1.2", "safe-buffer@^5.2.0", "safe-buffer@~5.2.0":
  "integrity" "sha512-rp3So07KcdmmKbGvgaNxQSJr7bGVSVk5S9Eq1F+ppbRo70+YeaDxkw5Dd8NPN+GD6bjnYm2VuPuCXmpuYvmCXQ=="
  "resolved" "https://registry.npmjs.org/safe-buffer/-/safe-buffer-5.2.1.tgz"
  "version" "5.2.1"

"safe-buffer@~5.1.0", "safe-buffer@~5.1.1":
  "integrity" "sha512-Gd2UZBJDkXlY7GbJxfsE8/nvKkUEU1G38c1siN6QP6a9PT9MmHB8GnpscSmMJSoF8LOIrt8ud/wPtojys4G6+g=="
  "resolved" "https://registry.npmjs.org/safe-buffer/-/safe-buffer-5.1.2.tgz"
  "version" "5.1.2"

"safer-buffer@^2.1.0":
  "integrity" "sha512-YZo3K82SD7Riyi0E1EQPojLz7kpepnSQI9IyPbHHg1XXXevb5dJI7tpyN2ADxGcQbHG7vcyRHk0cbwqcQriUtg=="
  "resolved" "https://registry.npmjs.org/safer-buffer/-/safer-buffer-2.1.2.tgz"
  "version" "2.1.2"

"scheduler@^0.20.2":
  "integrity" "sha512-2eWfGgAqqWFGqtdMmcL5zCMK1U8KlXv8SQFGglL3CEtd0aDVDWgeF/YoCmvln55m5zSk3J/20hTaSBeSObsQDQ=="
  "resolved" "https://registry.npmjs.org/scheduler/-/scheduler-0.20.2.tgz"
  "version" "0.20.2"
  dependencies:
    "loose-envify" "^1.1.0"
    "object-assign" "^4.1.1"

"setimmediate@^1.0.4":
  "integrity" "sha1-KQy7Iy4waULX1+qbg3Mqt4VvgoU="
  "resolved" "https://registry.npmjs.org/setimmediate/-/setimmediate-1.0.5.tgz"
  "version" "1.0.5"

"sha.js@^2.4.0", "sha.js@^2.4.8":
  "integrity" "sha512-QMEp5B7cftE7APOjk5Y6xgrbWu+WkLVQwk8JNjZ8nKRciZaByEW6MubieAiToS7+dwvrjGhH8jRXz3MVd0AYqQ=="
  "resolved" "https://registry.npmjs.org/sha.js/-/sha.js-2.4.11.tgz"
  "version" "2.4.11"
  dependencies:
    "inherits" "^2.0.1"
    "safe-buffer" "^5.0.1"

"shadow-cljs-jar@1.3.2":
  "integrity" "sha512-XmeffAZHv8z7451kzeq9oKh8fh278Ak+UIOGGrapyqrFBB773xN8vMQ3O7J7TYLnb9BUwcqadKkmgaq7q6fhZg=="
  "resolved" "https://registry.npmjs.org/shadow-cljs-jar/-/shadow-cljs-jar-1.3.2.tgz"
  "version" "1.3.2"

"shadow-cljs@^2.15.2":
  "integrity" "sha512-/9Y/sqOYcYQwTA+aMThsgD7CcGzcZ64MNQwHLX5/InwuVwpOZx8Rc2gNFR45Qf/hh0GQv1ZEZlmfQvKXmg++lw=="
  "resolved" "https://registry.npmjs.org/shadow-cljs/-/shadow-cljs-2.17.4.tgz"
  "version" "2.17.4"
  dependencies:
    "node-libs-browser" "^2.2.1"
    "readline-sync" "^1.4.7"
    "shadow-cljs-jar" "1.3.2"
    "source-map-support" "^0.4.15"
    "which" "^1.3.1"
    "ws" "^7.4.6"

"shell-quote@^1.6.1":
  "integrity" "sha512-Vpfqwm4EnqGdlsBFNmHhxhElJYrdfcxPThu+ryKS5J8L/fhAwLazFZtq+S+TWZ9ANj2piSQLGj6NQg+lKPmxrw=="
  "resolved" "https://registry.npmjs.org/shell-quote/-/shell-quote-1.7.3.tgz"
  "version" "1.7.3"

"signal-exit@^3.0.2":
  "integrity" "sha512-wnD2ZE+l+SPC/uoS0vXeE9L1+0wuaMqKlfz9AMUo38JsyLSBWSFcHR1Rri62LZc12vLr1gb3jl7iwQhgwpAbGQ=="
  "resolved" "https://registry.npmjs.org/signal-exit/-/signal-exit-3.0.7.tgz"
  "version" "3.0.7"

"slice-ansi@^3.0.0":
  "integrity" "sha512-pSyv7bSTC7ig9Dcgbw9AuRNUb5k5V6oDudjZoMBSr13qpLBG7tB+zgCkARjq7xIUgdz5P1Qe8u+rSGdouOOIyQ=="
  "resolved" "https://registry.npmjs.org/slice-ansi/-/slice-ansi-3.0.0.tgz"
  "version" "3.0.0"
  dependencies:
    "ansi-styles" "^4.0.0"
    "astral-regex" "^2.0.0"
    "is-fullwidth-code-point" "^3.0.0"

"source-map-support@^0.4.15":
  "integrity" "sha512-try0/JqxPLF9nOjvSta7tVondkP5dwgyLDjVoyMDlmjugT2lRZ1OfsrYTkCd2hkDnJTKRbO/Rl3orm8vlsUzbA=="
  "resolved" "https://registry.npmjs.org/source-map-support/-/source-map-support-0.4.18.tgz"
  "version" "0.4.18"
  dependencies:
    "source-map" "^0.5.6"

"source-map-support@^0.5.19":
  "integrity" "sha512-uBHU3L3czsIyYXKX88fdrGovxdSCoTGDRZ6SYXtSRxLZUzHg5P/66Ht6uoUlHu9EZod+inXhKo3qQgwXUT/y1w=="
  "resolved" "https://registry.npmjs.org/source-map-support/-/source-map-support-0.5.21.tgz"
  "version" "0.5.21"
  dependencies:
    "buffer-from" "^1.0.0"
    "source-map" "^0.6.0"

"source-map@^0.5.6":
  "integrity" "sha1-igOdLRAh0i0eoUyA2OpGi6LvP8w="
  "resolved" "https://registry.npmjs.org/source-map/-/source-map-0.5.7.tgz"
  "version" "0.5.7"

"source-map@^0.6.0":
  "integrity" "sha512-UjgapumWlbMhkBgzT7Ykc5YXUT46F0iKu8SGXq0bcwP5dz/h0Plj6enJqjz1Zbq2l5WaqYnrVbwWOWMyF3F47g=="
  "resolved" "https://registry.npmjs.org/source-map/-/source-map-0.6.1.tgz"
  "version" "0.6.1"

"stack-utils@^2.0.2":
  "integrity" "sha512-xrQcmYhOsn/1kX+Vraq+7j4oE2j/6BFscZ0etmYg81xuM8Gq0022Pxb8+IqgOFUIaxHs0KaSb7T1+OegiNrNFA=="
  "resolved" "https://registry.npmjs.org/stack-utils/-/stack-utils-2.0.5.tgz"
  "version" "2.0.5"
  dependencies:
    "escape-string-regexp" "^2.0.0"

"stream-browserify@^2.0.1":
  "integrity" "sha512-nX6hmklHs/gr2FuxYDltq8fJA1GDlxKQCz8O/IM4atRqBH8OORmBNgfvW5gG10GT/qQ9u0CzIvr2X5Pkt6ntqg=="
  "resolved" "https://registry.npmjs.org/stream-browserify/-/stream-browserify-2.0.2.tgz"
  "version" "2.0.2"
  dependencies:
    "inherits" "~2.0.1"
    "readable-stream" "^2.0.2"

"stream-http@^2.7.2":
  "integrity" "sha512-+TSkfINHDo4J+ZobQLWiMouQYB+UVYFttRA94FpEzzJ7ZdqcL4uUUQ7WkdkI4DSozGmgBUE/a47L+38PenXhUw=="
  "resolved" "https://registry.npmjs.org/stream-http/-/stream-http-2.8.3.tgz"
  "version" "2.8.3"
  dependencies:
    "builtin-status-codes" "^3.0.0"
    "inherits" "^2.0.1"
    "readable-stream" "^2.3.6"
    "to-arraybuffer" "^1.0.0"
    "xtend" "^4.0.0"

"string_decoder@^1.0.0", "string_decoder@^1.1.1":
  "integrity" "sha512-hkRX8U1WjJFd8LsDJ2yQ/wWWxaopEsABU1XfkM8A+j0+85JAGppt16cr1Whg6KIbb4okU6Mql6BOj+uup/wKeA=="
  "resolved" "https://registry.npmjs.org/string_decoder/-/string_decoder-1.3.0.tgz"
  "version" "1.3.0"
  dependencies:
    "safe-buffer" "~5.2.0"

"string_decoder@~1.1.1":
  "integrity" "sha512-n/ShnvDi6FHbbVfviro+WojiFzv+s8MPMHBczVePfUpDJLwoLT0ht1l4YwBCbi8pJAveEEdnkHyPyTP/mzRfwg=="
  "resolved" "https://registry.npmjs.org/string_decoder/-/string_decoder-1.1.1.tgz"
  "version" "1.1.1"
  dependencies:
    "safe-buffer" "~5.1.0"

"string-width@^4.0.0", "string-width@^4.1.0", "string-width@^4.2.0", "string-width@^4.2.2":
  "integrity" "sha512-wKyQRQpjJ0sIp62ErSZdGsjMJWsap5oRNihHhu6G7JVO/9jIB6UyevL+tXuOqrng8j/cxKTWyWUwvSTriiZz/g=="
  "resolved" "https://registry.npmjs.org/string-width/-/string-width-4.2.3.tgz"
  "version" "4.2.3"
  dependencies:
    "emoji-regex" "^8.0.0"
    "is-fullwidth-code-point" "^3.0.0"
    "strip-ansi" "^6.0.1"

"strip-ansi@^6.0.0", "strip-ansi@^6.0.1":
  "integrity" "sha512-Y38VPSHcqkFrCpFnQ9vuSXmquuv5oXOKpGeT6aGrr3o3Gc9AlVa6JBfUSOCnbxGGZF+/0ooI7KrPuUSztUdU5A=="
  "resolved" "https://registry.npmjs.org/strip-ansi/-/strip-ansi-6.0.1.tgz"
  "version" "6.0.1"
  dependencies:
    "ansi-regex" "^5.0.1"

"supports-color@^7.1.0":
  "integrity" "sha512-qpCAvRl9stuOHveKsn7HncJRvv501qIacKzQlO/+Lwxc9+0q2wLyv4Dfvt80/DPn2pqOBsJdDiogXGR9+OvwRw=="
  "resolved" "https://registry.npmjs.org/supports-color/-/supports-color-7.2.0.tgz"
  "version" "7.2.0"
  dependencies:
    "has-flag" "^4.0.0"

"timers-browserify@^2.0.4":
  "integrity" "sha512-9phl76Cqm6FhSX9Xe1ZUAMLtm1BLkKj2Qd5ApyWkXzsMRaA7dgr81kf4wJmQf/hAvg8EEyJxDo3du/0KlhPiKQ=="
  "resolved" "https://registry.npmjs.org/timers-browserify/-/timers-browserify-2.0.12.tgz"
  "version" "2.0.12"
  dependencies:
    "setimmediate" "^1.0.4"

"to-arraybuffer@^1.0.0":
  "integrity" "sha1-fSKbH8xjfkZsoIEYCDanqr/4P0M="
  "resolved" "https://registry.npmjs.org/to-arraybuffer/-/to-arraybuffer-1.0.1.tgz"
  "version" "1.0.1"

"tty-browserify@0.0.0":
  "integrity" "sha1-oVe6QC2iTpv5V/mqadUk7tQpAaY="
  "resolved" "https://registry.npmjs.org/tty-browserify/-/tty-browserify-0.0.0.tgz"
  "version" "0.0.0"

"type-fest@^0.12.0":
  "integrity" "sha512-53RyidyjvkGpnWPMF9bQgFtWp+Sl8O2Rp13VavmJgfAP9WWG6q6TkrKU8iyJdnwnfgHI6k2hTlgqH4aSdjoTbg=="
  "resolved" "https://registry.npmjs.org/type-fest/-/type-fest-0.12.0.tgz"
  "version" "0.12.0"

"type-fest@^0.21.3":
  "integrity" "sha512-t0rzBq87m3fVcduHDUFhKmyyX+9eo6WQjZvf51Ea/M0Q7+T374Jp1aUiyUl0GKxp8M/OETVHSDvmkyPgvX+X2w=="
  "resolved" "https://registry.npmjs.org/type-fest/-/type-fest-0.21.3.tgz"
  "version" "0.21.3"

"url@^0.11.0":
  "integrity" "sha1-ODjpfPxgUh63PFJajlW/3Z4uKPE="
  "resolved" "https://registry.npmjs.org/url/-/url-0.11.0.tgz"
  "version" "0.11.0"
  dependencies:
    "punycode" "1.3.2"
    "querystring" "0.2.0"

"util-deprecate@^1.0.1", "util-deprecate@~1.0.1":
  "integrity" "sha1-RQ1Nyfpw3nMnYvvS1KKJgUGaDM8="
  "resolved" "https://registry.npmjs.org/util-deprecate/-/util-deprecate-1.0.2.tgz"
  "version" "1.0.2"

"util@^0.11.0":
  "integrity" "sha512-HShAsny+zS2TZfaXxD9tYj4HQGlBezXZMZuM/S5PKLLoZkShZiGk9o5CzukI1LVHZvjdvZ2Sj1aW/Ndn2NB/HQ=="
  "resolved" "https://registry.npmjs.org/util/-/util-0.11.1.tgz"
  "version" "0.11.1"
  dependencies:
    "inherits" "2.0.3"

"util@0.10.3":
  "integrity" "sha1-evsa/lCAUkZInj23/g7TeTNqwPk="
  "resolved" "https://registry.npmjs.org/util/-/util-0.10.3.tgz"
  "version" "0.10.3"
  dependencies:
    "inherits" "2.0.1"

"vm-browserify@^1.0.1":
  "integrity" "sha512-2ham8XPWTONajOR0ohOKOHXkm3+gaBmGut3SRuu75xLd/RRaY6vqgh8NBYYk7+RW3u5AtzPQZG8F10LHkl0lAQ=="
  "resolved" "https://registry.npmjs.org/vm-browserify/-/vm-browserify-1.1.2.tgz"
  "version" "1.1.2"

"which@^1.3.1":
  "integrity" "sha512-HxJdYWq1MTIQbJ3nw0cqssHoTNU267KlrDuGZ1WYlxDStUtKUhOaJmh112/TZmHxxUfuJqPXSOm7tDyas0OSIQ=="
  "resolved" "https://registry.npmjs.org/which/-/which-1.3.1.tgz"
  "version" "1.3.1"
  dependencies:
    "isexe" "^2.0.0"

"widest-line@^3.1.0":
  "integrity" "sha512-NsmoXalsWVDMGupxZ5R08ka9flZjjiLvHVAWYOKtiKM8ujtZWr9cRffak+uSE48+Ob8ObalXpwyeUiyDD6QFgg=="
  "resolved" "https://registry.npmjs.org/widest-line/-/widest-line-3.1.0.tgz"
  "version" "3.1.0"
  dependencies:
    "string-width" "^4.0.0"

"wrap-ansi@^6.2.0":
  "integrity" "sha512-r6lPcBGxZXlIcymEu7InxDMhdW0KDxpLgoFLcguasxCaJ/SOIZwINatK9KY/tf+ZrlywOKU0UDj3ATXUBfxJXA=="
  "resolved" "https://registry.npmjs.org/wrap-ansi/-/wrap-ansi-6.2.0.tgz"
  "version" "6.2.0"
  dependencies:
    "ansi-styles" "^4.0.0"
    "string-width" "^4.1.0"
    "strip-ansi" "^6.0.0"

"ws@^7", "ws@^7.4.6", "ws@^7.5.5":
  "integrity" "sha512-KMvVuFzpKBuiIXW3E4u3mySRO2/mCHSyZDJQM5NQ9Q9KHWHWh0NHgfbRMLLrceUK5qAL4ytALJbpRMjixFZh8A=="
  "resolved" "https://registry.npmjs.org/ws/-/ws-7.5.7.tgz"
  "version" "7.5.7"

"xtend@^4.0.0":
  "integrity" "sha512-LKYU1iAXJXUgAXn9URjiu+MWhyUXHsvfp7mcuYm9dSUKK0/CjtrUwFAxD82/mCWbtLsGjFIad0wIsod4zrTAEQ=="
  "resolved" "https://registry.npmjs.org/xtend/-/xtend-4.0.2.tgz"
  "version" "4.0.2"

"yoga-layout-prebuilt@^1.9.6":
  "integrity" "sha512-YnOmtSbv4MTf7RGJMK0FvZ+KD8OEe/J5BNnR0GHhD8J/XcG/Qvxgszm0Un6FTHWW4uHlTgP0IztiXQnGyIR45g=="
  "resolved" "https://registry.npmjs.org/yoga-layout-prebuilt/-/yoga-layout-prebuilt-1.10.0.tgz"
  "version" "1.10.0"
  dependencies:
    "@types/yoga-layout" "1.9.2"
