lockfileVersion: 5.3

specifiers:
  vscode: ^1.1.37
  vscode-test: ^1.6.1

dependencies:
  vscode: 1.1.37
  vscode-test: 1.6.1

packages:

  /@tootallnate/once/1.1.2:
    resolution: {integrity: sha512-RbzJvlNzmRq5c3O09UipeuXno4tA1FE6ikOjxZK0tuxVv3412l64l5t1W5pj4+rJq9vpkm/kwiR07aZXnsKPxw==}
    engines: {node: '>= 6'}
    dev: false

  /agent-base/4.3.0:
    resolution: {integrity: sha512-salcGninV0nPrwpGNn4VTXBb1SOuXQBiqbrNXoeizJsHrsL6ERFM2Ne3JUSBWRE6aeNJI2ROP/WEEIDUiDe3cg==}
    engines: {node: '>= 4.0.0'}
    dependencies:
      es6-promisify: 5.0.0
    dev: false

  /agent-base/6.0.2:
    resolution: {integrity: sha512-RZNwNclF7+MS/8bDg70amg32dyeZGZxiDuQmZxKLAlQjr3jGyLx+4Kkk58UO7D2QdgFIQCovuSuZESne6RG6XQ==}
    engines: {node: '>= 6.0.0'}
    dependencies:
      debug: 4.3.2
    transitivePeerDependencies:
      - supports-color
    dev: false

  /balanced-match/1.0.2:
    resolution: {integrity: sha512-3oSeUO0TMV67hN1AmbXsK4yaqU7tjiHlbxRDZOpH0KW9+CeX4bRAaX0Anxt0tx2MrpRpWwQaPwIlISEJhYU5Pw==}
    dev: false

  /big-integer/1.6.49:
    resolution: {integrity: sha512-KJ7VhqH+f/BOt9a3yMwJNmcZjG53ijWMTjSAGMveQWyLwqIiwkjNP5PFgDob3Snnx86SjDj6I89fIbv0dkQeNw==}
    engines: {node: '>=0.6'}
    dev: false

  /binary/0.3.0:
    resolution: {integrity: sha1-n2BVO8XOjDOG87VTz/R0Yq3sqnk=}
    dependencies:
      buffers: 0.1.1
      chainsaw: 0.1.0
    dev: false

  /bluebird/3.4.7:
    resolution: {integrity: sha1-9y12C+Cbf3bQjtj66Ysomo0F+rM=}
    dev: false

  /brace-expansion/1.1.11:
    resolution: {integrity: sha512-iCuPHDFgrHX7H2vEI/5xpz07zSHB00TpugqhmYtVmMO6518mCuRMoOYFldEBl0g187ufozdaHgWKcYFb61qGiA==}
    dependencies:
      balanced-match: 1.0.2
      concat-map: 0.0.1
    dev: false

  /browser-stdout/1.3.1:
    resolution: {integrity: sha512-qhAVI1+Av2X7qelOfAIYwXONood6XlZE/fXaBSmW/T5SzLAmCgzi+eiWE7fUvbHaeNBQH13UftjpXxsfLkMpgw==}
    dev: false

  /buffer-from/1.1.2:
    resolution: {integrity: sha512-E+XQCRwSbaaiChtv6k6Dwgc+bx+Bs6vuKJHHl5kox/BaKbhiXzqQOwK4cO22yElGp2OCmjwVhT3HmxgyPGnJfQ==}
    dev: false

  /buffer-indexof-polyfill/1.0.2:
    resolution: {integrity: sha512-I7wzHwA3t1/lwXQh+A5PbNvJxgfo5r3xulgpYDB5zckTu/Z9oUK9biouBKQUjEqzaz3HnAT6TYoovmE+GqSf7A==}
    engines: {node: '>=0.10'}
    dev: false

  /buffers/0.1.1:
    resolution: {integrity: sha1-skV5w77U1tOWru5tmorn9Ugqt7s=}
    engines: {node: '>=0.2.0'}
    dev: false

  /chainsaw/0.1.0:
    resolution: {integrity: sha1-XqtQsor+WAdNDVgpE4iCi15fvJg=}
    dependencies:
      traverse: 0.3.9
    dev: false

  /commander/2.15.1:
    resolution: {integrity: sha512-VlfT9F3V0v+jr4yxPc5gg9s62/fIVWsd2Bk2iD435um1NlGMYdVCq+MjcXnhYq2icNOizHr1kK+5TI6H0Hy0ag==}
    dev: false

  /concat-map/0.0.1:
    resolution: {integrity: sha1-2Klr13/Wjfd5OnMDajug1UBdR3s=}
    dev: false

  /core-util-is/1.0.3:
    resolution: {integrity: sha512-ZQBvi1DcpJ4GDqanjucZ2Hj3wEO5pZDS89BWbkcrvdxksJorwUDDZamX9ldFkp9aw2lmBDLgkObEA4DWNJ9FYQ==}
    dev: false

  /debug/3.1.0:
    resolution: {integrity: sha512-OX8XqP7/1a9cqkxYw2yXss15f26NKWBpDXQd0/uK/KPqdQhxbPa994hnzjcE2VqQpDslf55723cKPUOGSmMY3g==}
    dependencies:
      ms: 2.0.0
    dev: false

  /debug/4.3.2:
    resolution: {integrity: sha512-mOp8wKcvj7XxC78zLgw/ZA+6TSgkoE2C/ienthhRD298T7UNwAg9diBpLRxC0mOezLl4B0xV7M0cCO6P/O0Xhw==}
    engines: {node: '>=6.0'}
    peerDependencies:
      supports-color: '*'
    peerDependenciesMeta:
      supports-color:
        optional: true
    dependencies:
      ms: 2.1.2
    dev: false

  /diff/3.5.0:
    resolution: {integrity: sha512-A46qtFgd+g7pDZinpnwiRJtxbC1hpgf0uzP3iG89scHk0AUC7A1TGxf5OiiOUv/JMZR8GOt8hL900hV0bOy5xA==}
    engines: {node: '>=0.3.1'}
    dev: false

  /duplexer2/0.1.4:
    resolution: {integrity: sha1-ixLauHjA1p4+eJEFFmKjL8a93ME=}
    dependencies:
      readable-stream: 2.3.7
    dev: false

  /es6-promise/4.2.8:
    resolution: {integrity: sha512-HJDGx5daxeIvxdBxvG2cb9g4tEvwIk3i8+nhX0yGrYmZUzbkdg8QbDevheDB8gd0//uPj4c1EQua8Q+MViT0/w==}
    dev: false

  /es6-promisify/5.0.0:
    resolution: {integrity: sha1-UQnWLz5W6pZ8S2NQWu8IKRyKUgM=}
    dependencies:
      es6-promise: 4.2.8
    dev: false

  /escape-string-regexp/1.0.5:
    resolution: {integrity: sha1-G2HAViGQqN/2rjuyzwIAyhMLhtQ=}
    engines: {node: '>=0.8.0'}
    dev: false

  /fs.realpath/1.0.0:
    resolution: {integrity: sha1-FQStJSMVjKpA20onh8sBQRmU6k8=}
    dev: false

  /fstream/1.0.12:
    resolution: {integrity: sha512-WvJ193OHa0GHPEL+AycEJgxvBEwyfRkN1vhjca23OaPVMCaLCXTd5qAu82AjTcgP1UJmytkOKb63Ypde7raDIg==}
    engines: {node: '>=0.6'}
    dependencies:
      graceful-fs: 4.2.8
      inherits: 2.0.4
      mkdirp: 0.5.5
      rimraf: 2.7.1
    dev: false

  /glob/7.1.2:
    resolution: {integrity: sha512-MJTUg1kjuLeQCJ+ccE4Vpa6kKVXkPYJ2mOCQyUuKLcLQsdrMCpBPUi8qVE6+YuaJkozeA9NusTAw3hLr8Xe5EQ==}
    dependencies:
      fs.realpath: 1.0.0
      inflight: 1.0.6
      inherits: 2.0.4
      minimatch: 3.0.4
      once: 1.4.0
      path-is-absolute: 1.0.1
    dev: false

  /glob/7.2.0:
    resolution: {integrity: sha512-lmLf6gtyrPq8tTjSmrO94wBeQbFR3HbLHbuyD69wuyQkImp2hWqMGB47OX65FBkPffO641IP9jWa1z4ivqG26Q==}
    dependencies:
      fs.realpath: 1.0.0
      inflight: 1.0.6
      inherits: 2.0.4
      minimatch: 3.0.4
      once: 1.4.0
      path-is-absolute: 1.0.1
    dev: false

  /graceful-fs/4.2.8:
    resolution: {integrity: sha512-qkIilPUYcNhJpd33n0GBXTB1MMPp14TxEsEs0pTrsSVucApsYzW5V+Q8Qxhik6KU3evy+qkAAowTByymK0avdg==}
    dev: false

  /growl/1.10.5:
    resolution: {integrity: sha512-qBr4OuELkhPenW6goKVXiv47US3clb3/IbuWF9KNKEijAy9oeHxU9IgzjvJhHkUzhaj7rOUD7+YGWqUjLp5oSA==}
    engines: {node: '>=4.x'}
    dev: false

  /has-flag/3.0.0:
    resolution: {integrity: sha1-tdRU3CGZriJWmfNGfloH87lVuv0=}
    engines: {node: '>=4'}
    dev: false

  /he/1.1.1:
    resolution: {integrity: sha1-k0EP0hsAlzUVH4howvJx80J+I/0=}
    hasBin: true
    dev: false

  /http-proxy-agent/2.1.0:
    resolution: {integrity: sha512-qwHbBLV7WviBl0rQsOzH6o5lwyOIvwp/BdFnvVxXORldu5TmjFfjzBcWUWS5kWAZhmv+JtiDhSuQCp4sBfbIgg==}
    engines: {node: '>= 4.5.0'}
    dependencies:
      agent-base: 4.3.0
      debug: 3.1.0
    dev: false

  /http-proxy-agent/4.0.1:
    resolution: {integrity: sha512-k0zdNgqWTGA6aeIRVpvfVob4fL52dTfaehylg0Y4UvSySvOq/Y+BOyPrgpUrA7HylqvU8vIZGsRuXmspskV0Tg==}
    engines: {node: '>= 6'}
    dependencies:
      '@tootallnate/once': 1.1.2
      agent-base: 6.0.2
      debug: 4.3.2
    transitivePeerDependencies:
      - supports-color
    dev: false

  /https-proxy-agent/2.2.4:
    resolution: {integrity: sha512-OmvfoQ53WLjtA9HeYP9RNrWMJzzAz1JGaSFr1nijg0PVR1JaD/xbJq1mdEIIlxGpXp9eSe/O2LgU9DJmTPd0Eg==}
    engines: {node: '>= 4.5.0'}
    dependencies:
      agent-base: 4.3.0
      debug: 3.1.0
    dev: false

  /https-proxy-agent/5.0.0:
    resolution: {integrity: sha512-EkYm5BcKUGiduxzSt3Eppko+PiNWNEpa4ySk9vTC6wDsQJW9rHSa+UhGNJoRYp7bz6Ht1eaRIa6QaJqO5rCFbA==}
    engines: {node: '>= 6'}
    dependencies:
      agent-base: 6.0.2
      debug: 4.3.2
    transitivePeerDependencies:
      - supports-color
    dev: false

  /inflight/1.0.6:
    resolution: {integrity: sha1-Sb1jMdfQLQwJvJEKEHW6gWW1bfk=}
    dependencies:
      once: 1.4.0
      wrappy: 1.0.2
    dev: false

  /inherits/2.0.4:
    resolution: {integrity: sha512-k/vGaX4/Yla3WzyMCvTQOXYeIHvqOKtnqBduzTHpzpQZzAskKMhZ2K+EnBiSM9zGSoIFeMpXKxa4dYeZIQqewQ==}
    dev: false

  /isarray/1.0.0:
    resolution: {integrity: sha1-u5NdSFgsuhaMBoNJV6VKPgcSTxE=}
    dev: false

  /listenercount/1.0.1:
    resolution: {integrity: sha1-hMinKrWcRyUyFIDJdeZQg0LnCTc=}
    dev: false

  /minimatch/3.0.4:
    resolution: {integrity: sha512-yJHVQEhyqPLUTgt9B83PXu6W3rx4MvvHvSUvToogpwoGDOUQ+yDrR0HRot+yOCdCO7u4hX3pWft6kWBBcqh0UA==}
    dependencies:
      brace-expansion: 1.1.11
    dev: false

  /minimist/0.0.8:
    resolution: {integrity: sha1-hX/Kv8M5fSYluCKCYuhqp6ARsF0=}
    dev: false

  /minimist/1.2.5:
    resolution: {integrity: sha512-FM9nNUYrRBAELZQT3xeZQ7fmMOBg6nWNmJKTcgsJeaLstP/UODVpGsr5OhXhhXg6f+qtJ8uiZ+PUxkDWcgIXLw==}
    dev: false

  /mkdirp/0.5.1:
    resolution: {integrity: sha1-MAV0OOrGz3+MR2fzhkjWaX11yQM=}
    deprecated: Legacy versions of mkdirp are no longer supported. Please update to mkdirp 1.x. (Note that the API surface has changed to use Promises in 1.x.)
    hasBin: true
    dependencies:
      minimist: 0.0.8
    dev: false

  /mkdirp/0.5.5:
    resolution: {integrity: sha512-NKmAlESf6jMGym1++R0Ra7wvhV+wFW63FaSOFPwRahvea0gMUcGUhVeAg/0BC0wiv9ih5NYPB1Wn1UEI1/L+xQ==}
    hasBin: true
    dependencies:
      minimist: 1.2.5
    dev: false

  /mocha/5.2.0:
    resolution: {integrity: sha512-2IUgKDhc3J7Uug+FxMXuqIyYzH7gJjXECKe/w43IGgQHTSj3InJi+yAA7T24L9bQMRKiUEHxEX37G5JpVUGLcQ==}
    engines: {node: '>= 4.0.0'}
    hasBin: true
    dependencies:
      browser-stdout: 1.3.1
      commander: 2.15.1
      debug: 3.1.0
      diff: 3.5.0
      escape-string-regexp: 1.0.5
      glob: 7.1.2
      growl: 1.10.5
      he: 1.1.1
      minimatch: 3.0.4
      mkdirp: 0.5.1
      supports-color: 5.4.0
    dev: false

  /ms/2.0.0:
    resolution: {integrity: sha1-VgiurfwAvmwpAd9fmGF4jeDVl8g=}
    dev: false

  /ms/2.1.2:
    resolution: {integrity: sha512-sGkPx+VjMtmA6MX27oA4FBFELFCZZ4S4XqeGOXCv68tT+jb3vk/RyaKWP0PTKyWtmLSM0b+adUTEvbs1PEaH2w==}
    dev: false

  /once/1.4.0:
    resolution: {integrity: sha1-WDsap3WWHUsROsF9nFC6753Xa9E=}
    dependencies:
      wrappy: 1.0.2
    dev: false

  /path-is-absolute/1.0.1:
    resolution: {integrity: sha1-F0uSaHNVNP+8es5r9TpanhtcX18=}
    engines: {node: '>=0.10.0'}
    dev: false

  /process-nextick-args/2.0.1:
    resolution: {integrity: sha512-3ouUOpQhtgrbOa17J7+uxOTpITYWaGP7/AhoR3+A+/1e9skrzelGi/dXzEYyvbxubEF6Wn2ypscTKiKJFFn1ag==}
    dev: false

  /readable-stream/2.3.7:
    resolution: {integrity: sha512-Ebho8K4jIbHAxnuxi7o42OrZgF/ZTNcsZj6nRKyUmkhLFq8CHItp/fy6hQZuZmP/n3yZ9VBUbp4zz/mX8hmYPw==}
    dependencies:
      core-util-is: 1.0.3
      inherits: 2.0.4
      isarray: 1.0.0
      process-nextick-args: 2.0.1
      safe-buffer: 5.1.2
      string_decoder: 1.1.1
      util-deprecate: 1.0.2
    dev: false

  /rimraf/2.7.1:
    resolution: {integrity: sha512-uWjbaKIK3T1OSVptzX7Nl6PvQ3qAGtKEtVRjRuazjfL3Bx5eI409VZSqgND+4UNnmzLVdPj9FqFJNPqBZFve4w==}
    hasBin: true
    dependencies:
      glob: 7.2.0
    dev: false

  /rimraf/3.0.2:
    resolution: {integrity: sha512-JZkJMZkAGFFPP2YqXZXPbMlMBgsxzE8ILs4lMIX/2o0L9UBw9O/Y3o6wFw/i9YLapcUJWwqbi3kdxIPdC62TIA==}
    hasBin: true
    dependencies:
      glob: 7.2.0
    dev: false

  /safe-buffer/5.1.2:
    resolution: {integrity: sha512-Gd2UZBJDkXlY7GbJxfsE8/nvKkUEU1G38c1siN6QP6a9PT9MmHB8GnpscSmMJSoF8LOIrt8ud/wPtojys4G6+g==}
    dev: false

  /semver/5.7.1:
    resolution: {integrity: sha512-sauaDf/PZdVgrLTNYHRtpXa1iRiKcaebiKQ1BJdpQlWH2lCvexQdX55snPFyK7QzpudqbCI0qXFfOasHdyNDGQ==}
    hasBin: true
    dev: false

  /setimmediate/1.0.5:
    resolution: {integrity: sha1-KQy7Iy4waULX1+qbg3Mqt4VvgoU=}
    dev: false

  /source-map-support/0.5.20:
    resolution: {integrity: sha512-n1lZZ8Ve4ksRqizaBQgxXDgKwttHDhyfQjA6YZZn8+AroHbsIz+JjwxQDxbp+7y5OYCI8t1Yk7etjD9CRd2hIw==}
    dependencies:
      buffer-from: 1.1.2
      source-map: 0.6.1
    dev: false

  /source-map/0.6.1:
    resolution: {integrity: sha512-UjgapumWlbMhkBgzT7Ykc5YXUT46F0iKu8SGXq0bcwP5dz/h0Plj6enJqjz1Zbq2l5WaqYnrVbwWOWMyF3F47g==}
    engines: {node: '>=0.10.0'}
    dev: false

  /string_decoder/1.1.1:
    resolution: {integrity: sha512-n/ShnvDi6FHbbVfviro+WojiFzv+s8MPMHBczVePfUpDJLwoLT0ht1l4YwBCbi8pJAveEEdnkHyPyTP/mzRfwg==}
    dependencies:
      safe-buffer: 5.1.2
    dev: false

  /supports-color/5.4.0:
    resolution: {integrity: sha512-zjaXglF5nnWpsq470jSv6P9DwPvgLkuapYmfDm3JWOm0vkNTVF2tI4UrN2r6jH1qM/uc/WtxYY1hYoA2dOKj5w==}
    engines: {node: '>=4'}
    dependencies:
      has-flag: 3.0.0
    dev: false

  /traverse/0.3.9:
    resolution: {integrity: sha1-cXuPIgzAu3tE5AUUwisui7xw2Lk=}
    dev: false

  /unzipper/0.10.11:
    resolution: {integrity: sha512-+BrAq2oFqWod5IESRjL3S8baohbevGcVA+teAIOYWM3pDVdseogqbzhhvvmiyQrUNKFUnDMtELW3X8ykbyDCJw==}
    dependencies:
      big-integer: 1.6.49
      binary: 0.3.0
      bluebird: 3.4.7
      buffer-indexof-polyfill: 1.0.2
      duplexer2: 0.1.4
      fstream: 1.0.12
      graceful-fs: 4.2.8
      listenercount: 1.0.1
      readable-stream: 2.3.7
      setimmediate: 1.0.5
    dev: false

  /util-deprecate/1.0.2:
    resolution: {integrity: sha1-RQ1Nyfpw3nMnYvvS1KKJgUGaDM8=}
    dev: false

  /vscode-test/0.4.3:
    resolution: {integrity: sha512-EkMGqBSefZH2MgW65nY05rdRSko15uvzq4VAPM5jVmwYuFQKE7eikKXNJDRxL+OITXHB6pI+a3XqqD32Y3KC5w==}
    engines: {node: '>=8.9.3'}
    dependencies:
      http-proxy-agent: 2.1.0
      https-proxy-agent: 2.2.4
    dev: false

  /vscode-test/1.6.1:
    resolution: {integrity: sha512-086q88T2ca1k95mUzffvbzb7esqQNvJgiwY4h29ukPhFo8u+vXOOmelUoU5EQUHs3Of8+JuQ3oGdbVCqaxuTXA==}
    engines: {node: '>=8.9.3'}
    dependencies:
      http-proxy-agent: 4.0.1
      https-proxy-agent: 5.0.0
      rimraf: 3.0.2
      unzipper: 0.10.11
    transitivePeerDependencies:
      - supports-color
    dev: false

  /vscode/1.1.37:
    resolution: {integrity: sha512-vJNj6IlN7IJPdMavlQa1KoFB3Ihn06q1AiN3ZFI/HfzPNzbKZWPPuiU+XkpNOfGU5k15m4r80nxNPlM7wcc0wg==}
    engines: {node: '>=8.9.3'}
    deprecated: 'This package is deprecated in favor of @types/vscode and vscode-test. For more information please read: https://code.visualstudio.com/updates/v1_36#_splitting-vscode-package-into-typesvscode-and-vscodetest'
    hasBin: true
    dependencies:
      glob: 7.2.0
      http-proxy-agent: 4.0.1
      https-proxy-agent: 5.0.0
      mocha: 5.2.0
      semver: 5.7.1
      source-map-support: 0.5.20
      vscode-test: 0.4.3
    transitivePeerDependencies:
      - supports-color
    dev: false

  /wrappy/1.0.2:
    resolution: {integrity: sha1-tSQ9jz7BqjXxNkYFvA0QNuMKtp8=}
    dev: false
