{
  "name": "api-test",
  "lockfileVersion": 2,
  "requires": true,
  "packages": {
    "": {
      "dependencies": {
        "nbb": "file:../.."
      }
    },
    "../..": {
      "version": "0.0.76",
      "license": "EPL-1.0",
      "bin": {
        "nbb": "out/nbb_main.js"
      },
      "devDependencies": {
        "ink": "^3.0.9",
        "react": "^17.0.2",
        "react-dom": "^17.0.2",
        "shadow-cljs": "^2.15.2",
        "source-map-support": "^0.5.19"
      }
    },
    "node_modules/nbb": {
      "resolved": "../..",
      "link": true
    }
  },
  "dependencies": {
    "nbb": {
      "version": "file:../..",
      "requires": {
        "ink": "^3.0.9",
        "react": "^17.0.2",
        "react-dom": "^17.0.2",
        "shadow-cljs": "^2.15.2",
        "source-map-support": "^0.5.19"
      }
    }
  }
}
